
Microsoft Visual Studio Solution File, Format Version 12.00
# Visual Studio Version 17
VisualStudioVersion = 17.14.36518.9
MinimumVisualStudioVersion = 10.0.40219.1
Project("{FAE04EC0-301F-11D3-BF4B-00C04F79EFBC}") = "PuppyStore", "PuppyStore\PuppyStore.csproj", "{FBF3D886-723E-4200-88F0-338756956F81}"
EndProject
Project("{FAE04EC0-301F-11D3-BF4B-00C04F79EFBC}") = "PuppyStore.Server", "PuppyStore.Server\PuppyStore.Server.csproj", "{A195F459-CB1C-4FB8-8012-EC6014E3808A}"
EndProject
Project("{FAE04EC0-301F-11D3-BF4B-00C04F79EFBC}") = "PuppyStore.Shared", "PuppyStore.Shared\PuppyStore.Shared.csproj", "{D359E957-6C23-4B87-B7FD-42F2DCDA8D37}"
EndProject
Global
	GlobalSection(SolutionConfigurationPlatforms) = preSolution
		Debug|Any CPU = Debug|Any CPU
		Release|Any CPU = Release|Any CPU
	EndGlobalSection
	GlobalSection(ProjectConfigurationPlatforms) = postSolution
		{FBF3D886-723E-4200-88F0-338756956F81}.Debug|Any CPU.ActiveCfg = Debug|Any CPU
		{FBF3D886-723E-4200-88F0-338756956F81}.Debug|Any CPU.Build.0 = Debug|Any CPU
		{FBF3D886-723E-4200-88F0-338756956F81}.Release|Any CPU.ActiveCfg = Release|Any CPU
		{FBF3D886-723E-4200-88F0-338756956F81}.Release|Any CPU.Build.0 = Release|Any CPU
		{A195F459-CB1C-4FB8-8012-EC6014E3808A}.Debug|Any CPU.ActiveCfg = Debug|Any CPU
		{A195F459-CB1C-4FB8-8012-EC6014E3808A}.Debug|Any CPU.Build.0 = Debug|Any CPU
		{A195F459-CB1C-4FB8-8012-EC6014E3808A}.Release|Any CPU.ActiveCfg = Release|Any CPU
		{A195F459-CB1C-4FB8-8012-EC6014E3808A}.Release|Any CPU.Build.0 = Release|Any CPU
		{D359E957-6C23-4B87-B7FD-42F2DCDA8D37}.Debug|Any CPU.ActiveCfg = Debug|Any CPU
		{D359E957-6C23-4B87-B7FD-42F2DCDA8D37}.Debug|Any CPU.Build.0 = Debug|Any CPU
		{D359E957-6C23-4B87-B7FD-42F2DCDA8D37}.Release|Any CPU.ActiveCfg = Release|Any CPU
		{D359E957-6C23-4B87-B7FD-42F2DCDA8D37}.Release|Any CPU.Build.0 = Release|Any CPU
	EndGlobalSection
	GlobalSection(SolutionProperties) = preSolution
		HideSolutionNode = FALSE
	EndGlobalSection
	GlobalSection(ExtensibilityGlobals) = postSolution
		SolutionGuid = {DA59E176-659D-4C28-B5E5-7737CC95451E}
	EndGlobalSection
EndGlobal
